lockfileVersion: 5.4

specifiers:
  '@types/node': ^18.7.8
  arg: ^5.0.2
  image-size: ^1.0.2
  potpack: ^1.0.2
  pureimage: ^0.3.14
  typescript: ^4.7.4

dependencies:
  arg: 5.0.2
  image-size: 1.0.2
  potpack: 1.0.2
  pureimage: 0.3.14

devDependencies:
  '@types/node': 18.7.8
  typescript: 4.7.4

packages:

  /@types/node/18.7.8:
    resolution: {integrity: sha512-/YP55EMK2341JkODUb8DM9O0x1SIz2aBvyF33Uf1c76St3VpsMXEIW0nxuKkq/5cxnbz0RD9cfwNZHEAZQD3ag==}
    dev: true

  /arg/5.0.2:
    resolution: {integrity: sha512-PYjyFOLKQ9y57JvQ6QLo8dAgNqswh8M1RMJYdQduT6xbWSgK36P/Z/v+p888pM69jMMfS8Xd8F6I1kQ/I9HUGg==}
    dev: false

  /image-size/1.0.2:
    resolution: {integrity: sha512-xfOoWjceHntRb3qFCrh5ZFORYH8XCdYpASltMhZ/Q0KZiOwjdE/Yl2QCiWdwD+lygV5bMCvauzgu5PxBX/Yerg==}
    engines: {node: '>=14.0.0'}
    hasBin: true
    dependencies:
      queue: 6.0.2
    dev: false

  /inherits/2.0.4:
    resolution: {integrity: sha512-k/vGaX4/Yla3WzyMCvTQOXYeIHvqOKtnqBduzTHpzpQZzAskKMhZ2K+EnBiSM9zGSoIFeMpXKxa4dYeZIQqewQ==}
    dev: false

  /jpeg-js/0.4.4:
    resolution: {integrity: sha512-WZzeDOEtTOBK4Mdsar0IqEU5sMr3vSV2RqkAIzUEV2BHnUfKGyswWFPFwK5EeDo93K3FohSHbLAjj0s1Wzd+dg==}
    dev: false

  /opentype.js/0.4.11:
    resolution: {integrity: sha512-GthxucX/6aftfLdeU5Ho7o7zmQcC8uVtqdcelVq12X++ndxwBZG8Xb5rFEKT7nEcWDD2P1x+TNuJ70jtj1Mbpw==}
    hasBin: true
    dev: false

  /pngjs/3.4.0:
    resolution: {integrity: sha512-NCrCHhWmnQklfH4MtJMRjZ2a8c80qXeMlQMv2uVp9ISJMTt562SbGd6n2oq0PaPgKm7Z6pL9E2UlLIhC+SHL3w==}
    engines: {node: '>=4.0.0'}
    dev: false

  /potpack/1.0.2:
    resolution: {integrity: sha512-choctRBIV9EMT9WGAZHn3V7t0Z2pMQyl0EZE6pFc/6ml3ssw7Dlf/oAOvFwjm1HVsqfQN8GfeFyJ+d8tRzqueQ==}
    dev: false

  /pureimage/0.3.14:
    resolution: {integrity: sha512-MoXNFWnJaaxMCqfB97Gyw73rI4MEY075VW/WJ+Z+F/ZgQP7HH8kdcIf8Meif15sdCXhTFlMTSHQxSIrSWkQILw==}
    engines: {node: '>=0.8'}
    dependencies:
      jpeg-js: 0.4.4
      opentype.js: 0.4.11
      pngjs: 3.4.0
    dev: false

  /queue/6.0.2:
    resolution: {integrity: sha512-iHZWu+q3IdFZFX36ro/lKBkSvfkztY5Y7HMiPlOUjhupPcG2JMfst2KKEpu5XndviX/3UhFbRngUPNKtgvtZiA==}
    dependencies:
      inherits: 2.0.4
    dev: false

  /typescript/4.7.4:
    resolution: {integrity: sha512-C0WQT0gezHuw6AdY1M2jxUO83Rjf0HP7Sk1DtXj6j1EwkQNZrHAg2XPWlq62oqEhYvONq5pkC2Y9oPljWToLmQ==}
    engines: {node: '>=4.2.0'}
    hasBin: true
    dev: true
